// !$*UTF8*$!
{
	archiveVersion = 1;
	classes = {
	};
	objectVersion = 50;
	objects = {

/* Begin PBXBuildFile section */
		3BA13334247DA105003EEDE0 /* AppDelegate.swift in Sources */ = {isa = PBXBuildFile; fileRef = 3BA13333247DA105003EEDE0 /* AppDelegate.swift */; };
		3BA13336247DA105003EEDE0 /* SceneDelegate.swift in Sources */ = {isa = PBXBuildFile; fileRef = 3BA13335247DA105003EEDE0 /* SceneDelegate.swift */; };
		3BA13338247DA105003EEDE0 /* ViewController.swift in Sources */ = {isa = PBXBuildFile; fileRef = 3BA13337247DA105003EEDE0 /* ViewController.swift */; };
		3BA1333B247DA105003EEDE0 /* Main.storyboard in Resources */ = {isa = PBXBuildFile; fileRef = 3BA13339247DA105003EEDE0 /* Main.storyboard */; };
		3BA1333D247DA107003EEDE0 /* Assets.xcassets in Resources */ = {isa = PBXBuildFile; fileRef = 3BA1333C247DA107003EEDE0 /* Assets.xcassets */; };
		3BA13340247DA107003EEDE0 /* LaunchScreen.storyboard in Resources */ = {isa = PBXBuildFile; fileRef = 3BA1333E247DA107003EEDE0 /* LaunchScreen.storyboard */; };
		3BA1334B247DA107003EEDE0 /* TestAppTests.swift in Sources */ = {isa = PBXBuildFile; fileRef = 3BA1334A247DA107003EEDE0 /* TestAppTests.swift */; };
		3BA13356247DA107003EEDE0 /* TestAppUITests.swift in Sources */ = {isa = PBXBuildFile; fileRef = 3BA13355247DA107003EEDE0 /* TestAppUITests.swift */; };
/* End PBXBuildFile section */

/* Begin PBXContainerItemProxy section */
		3BA13347247DA107003EEDE0 /* PBXContainerItemProxy */ = {
			isa = PBXContainerItemProxy;
			containerPortal = 3BA13328247DA105003EEDE0 /* Project object */;
			proxyType = 1;
			remoteGlobalIDString = 3BA1332F247DA105003EEDE0;
			remoteInfo = TestApp;
		};
		3BA13352247DA107003EEDE0 /* PBXContainerItemProxy */ = {
			isa = PBXContainerItemProxy;
			containerPortal = 3BA13328247DA105003EEDE0 /* Project object */;
			proxyType = 1;
			remoteGlobalIDString = 3BA1332F247DA105003EEDE0;
			remoteInfo = TestApp;
		};
/* End PBXContainerItemProxy section */

/* Begin PBXFileReference section */
		3BA13330247DA105003EEDE0 /* TestApp.app */ = {isa = PBXFileReference; explicitFileType = wrapper.application; includeInIndex = 0; path = TestApp.app; sourceTree = BUILT_PRODUCTS_DIR; };
		3BA13333247DA105003EEDE0 /* AppDelegate.swift */ = {isa = PBXFileReference; lastKnownFileType = sourcecode.swift; path = AppDelegate.swift; sourceTree = "<group>"; };
		3BA13335247DA105003EEDE0 /* SceneDelegate.swift */ = {isa = PBXFileReference; lastKnownFileType = sourcecode.swift; path = SceneDelegate.swift; sourceTree = "<group>"; };
		3BA13337247DA105003EEDE0 /* ViewController.swift */ = {isa = PBXFileReference; lastKnownFileType = sourcecode.swift; path = ViewController.swift; sourceTree = "<group>"; };
		3BA1333A247DA105003EEDE0 /* Base */ = {isa = PBXFileReference; lastKnownFileType = file.storyboard; name = Base; path = Base.lproj/Main.storyboard; sourceTree = "<group>"; };
		3BA1333C247DA107003EEDE0 /* Assets.xcassets */ = {isa = PBXFileReference; lastKnownFileType = folder.assetcatalog; path = Assets.xcassets; sourceTree = "<group>"; };
		3BA1333F247DA107003EEDE0 /* Base */ = {isa = PBXFileReference; lastKnownFileType = file.storyboard; name = Base; path = Base.lproj/LaunchScreen.storyboard; sourceTree = "<group>"; };
		3BA13341247DA107003EEDE0 /* Info.plist */ = {isa = PBXFileReference; lastKnownFileType = text.plist.xml; path = Info.plist; sourceTree = "<group>"; };
		3BA13346247DA107003EEDE0 /* TestAppTests.xctest */ = {isa = PBXFileReference; explicitFileType = wrapper.cfbundle; includeInIndex = 0; path = TestAppTests.xctest; sourceTree = BUILT_PRODUCTS_DIR; };
		3BA1334A247DA107003EEDE0 /* TestAppTests.swift */ = {isa = PBXFileReference; lastKnownFileType = sourcecode.swift; path = TestAppTests.swift; sourceTree = "<group>"; };
		3BA1334C247DA107003EEDE0 /* Info.plist */ = {isa = PBXFileReference; lastKnownFileType = text.plist.xml; path = Info.plist; sourceTree = "<group>"; };
		3BA13351247DA107003EEDE0 /* TestAppUITests.xctest */ = {isa = PBXFileReference; explicitFileType = wrapper.cfbundle; includeInIndex = 0; path = TestAppUITests.xctest; sourceTree = BUILT_PRODUCTS_DIR; };
		3BA13355247DA107003EEDE0 /* TestAppUITests.swift */ = {isa = PBXFileReference; lastKnownFileType = sourcecode.swift; path = TestAppUITests.swift; sourceTree = "<group>"; };
		3BA13357247DA107003EEDE0 /* Info.plist */ = {isa = PBXFileReference; lastKnownFileType = text.plist.xml; path = Info.plist; sourceTree = "<group>"; };
/* End PBXFileReference section */

/* Begin PBXFrameworksBuildPhase section */
		3BA1332D247DA105003EEDE0 /* Frameworks */ = {
			isa = PBXFrameworksBuildPhase;
			buildActionMask = 2147483647;
			files = (
			);
			runOnlyForDeploymentPostprocessing = 0;
		};
		3BA13343247DA107003EEDE0 /* Frameworks */ = {
			isa = PBXFrameworksBuildPhase;
			buildActionMask = 2147483647;
			files = (
			);
			runOnlyForDeploymentPostprocessing = 0;
		};
		3BA1334E247DA107003EEDE0 /* Frameworks */ = {
			isa = PBXFrameworksBuildPhase;
			buildActionMask = 2147483647;
			files = (
			);
			runOnlyForDeploymentPostprocessing = 0;
		};
/* End PBXFrameworksBuildPhase section */

/* Begin PBXGroup section */
		3BA13327247DA105003EEDE0 = {
			isa = PBXGroup;
			children = (
				3BA13332247DA105003EEDE0 /* TestApp */,
				3BA13349247DA107003EEDE0 /* TestAppTests */,
				3BA13354247DA107003EEDE0 /* TestAppUITests */,
				3BA13331247DA105003EEDE0 /* Products */,
			);
			sourceTree = "<group>";
		};
		3BA13331247DA105003EEDE0 /* Products */ = {
			isa = PBXGroup;
			children = (
				3BA13330247DA105003EEDE0 /* TestApp.app */,
				3BA13346247DA107003EEDE0 /* TestAppTests.xctest */,
				3BA13351247DA107003EEDE0 /* TestAppUITests.xctest */,
			);
			name = Products;
			sourceTree = "<group>";
		};
		3BA13332247DA105003EEDE0 /* TestApp */ = {
			isa = PBXGroup;
			children = (
				3BA13333247DA105003EEDE0 /* AppDelegate.swift */,
				3BA13335247DA105003EEDE0 /* SceneDelegate.swift */,
				3BA13337247DA105003EEDE0 /* ViewController.swift */,
				3BA13339247DA105003EEDE0 /* Main.storyboard */,
				3BA1333C247DA107003EEDE0 /* Assets.xcassets */,
				3BA1333E247DA107003EEDE0 /* LaunchScreen.storyboard */,
				3BA13341247DA107003EEDE0 /* Info.plist */,
			);
			path = TestApp;
			sourceTree = "<group>";
		};
		3BA13349247DA107003EEDE0 /* TestAppTests */ = {
			isa = PBXGroup;
			children = (
				3BA1334A247DA107003EEDE0 /* TestAppTests.swift */,
				3BA1334C247DA107003EEDE0 /* Info.plist */,
			);
			path = TestAppTests;
			sourceTree = "<group>";
		};
		3BA13354247DA107003EEDE0 /* TestAppUITests */ = {
			isa = PBXGroup;
			children = (
				3BA13355247DA107003EEDE0 /* TestAppUITests.swift */,
				3BA13357247DA107003EEDE0 /* Info.plist */,
			);
			path = TestAppUITests;
			sourceTree = "<group>";
		};
/* End PBXGroup section */

/* Begin PBXNativeTarget section */
		3BA1332F247DA105003EEDE0 /* TestApp */ = {
			isa = PBXNativeTarget;
			buildConfigurationList = 3BA1335A247DA107003EEDE0 /* Build configuration list for PBXNativeTarget "TestApp" */;
			buildPhases = (
				3BA1332C247DA105003EEDE0 /* Sources */,
				3BA1332D247DA105003EEDE0 /* Frameworks */,
				3BA1332E247DA105003EEDE0 /* Resources */,
			);
			buildRules = (
			);
			dependencies = (
			);
			name = TestApp;
			productName = TestApp;
			productReference = 3BA13330247DA105003EEDE0 /* TestApp.app */;
			productType = "com.apple.product-type.application";
		};
		3BA13345247DA107003EEDE0 /* TestAppTests */ = {
			isa = PBXNativeTarget;
			buildConfigurationList = 3BA1335D247DA107003EEDE0 /* Build configuration list for PBXNativeTarget "TestAppTests" */;
			buildPhases = (
				3BA13342247DA107003EEDE0 /* Sources */,
				3BA13343247DA107003EEDE0 /* Frameworks */,
				3BA13344247DA107003EEDE0 /* Resources */,
			);
			buildRules = (
			);
			dependencies = (
				3BA13348247DA107003EEDE0 /* PBXTargetDependency */,
			);
			name = TestAppTests;
			productName = TestAppTests;
			productReference = 3BA13346247DA107003EEDE0 /* TestAppTests.xctest */;
			productType = "com.apple.product-type.bundle.unit-test";
		};
		3BA13350247DA107003EEDE0 /* TestAppUITests */ = {
			isa = PBXNativeTarget;
			buildConfigurationList = 3BA13360247DA107003EEDE0 /* Build configuration list for PBXNativeTarget "TestAppUITests" */;
			buildPhases = (
				3BA1334D247DA107003EEDE0 /* Sources */,
				3BA1334E247DA107003EEDE0 /* Frameworks */,
				3BA1334F247DA107003EEDE0 /* Resources */,
			);
			buildRules = (
			);
			dependencies = (
				3BA13353247DA107003EEDE0 /* PBXTargetDependency */,
			);
			name = TestAppUITests;
			productName = TestAppUITests;
			productReference = 3BA13351247DA107003EEDE0 /* TestAppUITests.xctest */;
			productType = "com.apple.product-type.bundle.ui-testing";
		};
/* End PBXNativeTarget section */

/* Begin PBXProject section */
		3BA13328247DA105003EEDE0 /* Project object */ = {
			isa = PBXProject;
			attributes = {
				LastSwiftUpdateCheck = 1150;
				LastUpgradeCheck = 1150;
				ORGANIZATIONNAME = "David Johnson";
				TargetAttributes = {
					3BA1332F247DA105003EEDE0 = {
						CreatedOnToolsVersion = 11.5;
					};
					3BA13345247DA107003EEDE0 = {
						CreatedOnToolsVersion = 11.5;
						TestTargetID = 3BA1332F247DA105003EEDE0;
					};
					3BA13350247DA107003EEDE0 = {
						CreatedOnToolsVersion = 11.5;
						TestTargetID = 3BA1332F247DA105003EEDE0;
					};
				};
			};
			buildConfigurationList = 3BA1332B247DA105003EEDE0 /* Build configuration list for PBXProject "TestApp" */;
			compatibilityVersion = "Xcode 9.3";
			developmentRegion = en;
			hasScannedForEncodings = 0;
			knownRegions = (
				en,
				Base,
			);
			mainGroup = 3BA13327247DA105003EEDE0;
			productRefGroup = 3BA13331247DA105003EEDE0 /* Products */;
			projectDirPath = "";
			projectRoot = "";
			targets = (
				3BA1332F247DA105003EEDE0 /* TestApp */,
				3BA13345247DA107003EEDE0 /* TestAppTests */,
				3BA13350247DA107003EEDE0 /* TestAppUITests */,
			);
		};
/* End PBXProject section */

/* Begin PBXResourcesBuildPhase section */
		3BA1332E247DA105003EEDE0 /* Resources */ = {
			isa = PBXResourcesBuildPhase;
			buildActionMask = 2147483647;
			files = (
				3BA13340247DA107003EEDE0 /* LaunchScreen.storyboard in Resources */,
				3BA1333D247DA107003EEDE0 /* Assets.xcassets in Resources */,
				3BA1333B247DA105003EEDE0 /* Main.storyboard in Resources */,
			);
			runOnlyForDeploymentPostprocessing = 0;
		};
		3BA13344247DA107003EEDE0 /* Resources */ = {
			isa = PBXResourcesBuildPhase;
			buildActionMask = 2147483647;
			files = (
			);
			runOnlyForDeploymentPostprocessing = 0;
		};
		3BA1334F247DA107003EEDE0 /* Resources */ = {
			isa = PBXResourcesBuildPhase;
			buildActionMask = 2147483647;
			files = (
			);
			runOnlyForDeploymentPostprocessing = 0;
		};
/* End PBXResourcesBuildPhase section */

/* Begin PBXSourcesBuildPhase section */
		3BA1332C247DA105003EEDE0 /* Sources */ = {
			isa = PBXSourcesBuildPhase;
			buildActionMask = 2147483647;
			files = (
				3BA13338247DA105003EEDE0 /* ViewController.swift in Sources */,
				3BA13334247DA105003EEDE0 /* AppDelegate.swift in Sources */,
				3BA13336247DA105003EEDE0 /* SceneDelegate.swift in Sources */,
			);
			runOnlyForDeploymentPostprocessing = 0;
		};
		3BA13342247DA107003EEDE0 /* Sources */ = {
			isa = PBXSourcesBuildPhase;
			buildActionMask = 2147483647;
			files = (
				3BA1334B247DA107003EEDE0 /* TestAppTests.swift in Sources */,
			);
			runOnlyForDeploymentPostprocessing = 0;
		};
		3BA1334D247DA107003EEDE0 /* Sources */ = {
			isa = PBXSourcesBuildPhase;
			buildActionMask = 2147483647;
			files = (
				3BA13356247DA107003EEDE0 /* TestAppUITests.swift in Sources */,
			);
			runOnlyForDeploymentPostprocessing = 0;
		};
/* End PBXSourcesBuildPhase section */

/* Begin PBXTargetDependency section */
		3BA13348247DA107003EEDE0 /* PBXTargetDependency */ = {
			isa = PBXTargetDependency;
			target = 3BA1332F247DA105003EEDE0 /* TestApp */;
			targetProxy = 3BA13347247DA107003EEDE0 /* PBXContainerItemProxy */;
		};
		3BA13353247DA107003EEDE0 /* PBXTargetDependency */ = {
			isa = PBXTargetDependency;
			target = 3BA1332F247DA105003EEDE0 /* TestApp */;
			targetProxy = 3BA13352247DA107003EEDE0 /* PBXContainerItemProxy */;
		};
/* End PBXTargetDependency section */

/* Begin PBXVariantGroup section */
		3BA13339247DA105003EEDE0 /* Main.storyboard */ = {
			isa = PBXVariantGroup;
			children = (
				3BA1333A247DA105003EEDE0 /* Base */,
			);
			name = Main.storyboard;
			sourceTree = "<group>";
		};
		3BA1333E247DA107003EEDE0 /* LaunchScreen.storyboard */ = {
			isa = PBXVariantGroup;
			children = (
				3BA1333F247DA107003EEDE0 /* Base */,
			);
			name = LaunchScreen.storyboard;
			sourceTree = "<group>";
		};
/* End PBXVariantGroup section */

/* Begin XCBuildConfiguration section */
		3BA13358247DA107003EEDE0 /* Debug */ = {
			isa = XCBuildConfiguration;
			buildSettings = {
				ALWAYS_SEARCH_USER_PATHS = NO;
				CLANG_ANALYZER_NONNULL = YES;
				CLANG_ANALYZER_NUMBER_OBJECT_CONVERSION = YES_AGGRESSIVE;
				CLANG_CXX_LANGUAGE_STANDARD = "gnu++14";
				CLANG_CXX_LIBRARY = "libc++";
				CLANG_ENABLE_MODULES = YES;
				CLANG_ENABLE_OBJC_ARC = YES;
				CLANG_ENABLE_OBJC_WEAK = YES;
				CLANG_WARN_BLOCK_CAPTURE_AUTORELEASING = YES;
				CLANG_WARN_BOOL_CONVERSION = YES;
				CLANG_WARN_COMMA = YES;
				CLANG_WARN_CONSTANT_CONVERSION = YES;
				CLANG_WARN_DEPRECATED_OBJC_IMPLEMENTATIONS = YES;
				CLANG_WARN_DIRECT_OBJC_ISA_USAGE = YES_ERROR;
				CLANG_WARN_DOCUMENTATION_COMMENTS = YES;
				CLANG_WARN_EMPTY_BODY = YES;
				CLANG_WARN_ENUM_CONVERSION = YES;
				CLANG_WARN_INFINITE_RECURSION = YES;
				CLANG_WARN_INT_CONVERSION = YES;
				CLANG_WARN_NON_LITERAL_NULL_CONVERSION = YES;
				CLANG_WARN_OBJC_IMPLICIT_RETAIN_SELF = YES;
				CLANG_WARN_OBJC_LITERAL_CONVERSION = YES;
				CLANG_WARN_OBJC_ROOT_CLASS = YES_ERROR;
				CLANG_WARN_RANGE_LOOP_ANALYSIS = YES;
				CLANG_WARN_STRICT_PROTOTYPES = YES;
				CLANG_WARN_SUSPICIOUS_MOVE = YES;
				CLANG_WARN_UNGUARDED_AVAILABILITY = YES_AGGRESSIVE;
				CLANG_WARN_UNREACHABLE_CODE = YES;
				CLANG_WARN__DUPLICATE_METHOD_MATCH = YES;
				COPY_PHASE_STRIP = NO;
				DEBUG_INFORMATION_FORMAT = dwarf;
				ENABLE_STRICT_OBJC_MSGSEND = YES;
				ENABLE_TESTABILITY = YES;
				GCC_C_LANGUAGE_STANDARD = gnu11;
				GCC_DYNAMIC_NO_PIC = NO;
				GCC_NO_COMMON_BLOCKS = YES;
				GCC_OPTIMIZATION_LEVEL = 0;
				GCC_PREPROCESSOR_DEFINITIONS = (
					"DEBUG=1",
					"$(inherited)",
				);
				GCC_WARN_64_TO_32_BIT_CONVERSION = YES;
				GCC_WARN_ABOUT_RETURN_TYPE = YES_ERROR;
				GCC_WARN_UNDECLARED_SELECTOR = YES;
				GCC_WARN_UNINITIALIZED_AUTOS = YES_AGGRESSIVE;
				GCC_WARN_UNUSED_FUNCTION = YES;
				GCC_WARN_UNUSED_VARIABLE = YES;
				IPHONEOS_DEPLOYMENT_TARGET = 13.5;
				MTL_ENABLE_DEBUG_INFO = INCLUDE_SOURCE;
				MTL_FAST_MATH = YES;
				ONLY_ACTIVE_ARCH = YES;
				SDKROOT = iphoneos;
				SWIFT_ACTIVE_COMPILATION_CONDITIONS = DEBUG;
				SWIFT_OPTIMIZATION_LEVEL = "-Onone";
			};
			name = Debug;
		};
		3BA13359247DA107003EEDE0 /* Release */ = {
			isa = XCBuildConfiguration;
			buildSettings = {
				ALWAYS_SEARCH_USER_PATHS = NO;
				CLANG_ANALYZER_NONNULL = YES;
				CLANG_ANALYZER_NUMBER_OBJECT_CONVERSION = YES_AGGRESSIVE;
				CLANG_CXX_LANGUAGE_STANDARD = "gnu++14";
				CLANG_CXX_LIBRARY = "libc++";
				CLANG_ENABLE_MODULES = YES;
				CLANG_ENABLE_OBJC_ARC = YES;
				CLANG_ENABLE_OBJC_WEAK = YES;
				CLANG_WARN_BLOCK_CAPTURE_AUTORELEASING = YES;
				CLANG_WARN_BOOL_CONVERSION = YES;
				CLANG_WARN_COMMA = YES;
				CLANG_WARN_CONSTANT_CONVERSION = YES;
				CLANG_WARN_DEPRECATED_OBJC_IMPLEMENTATIONS = YES;
				CLANG_WARN_DIRECT_OBJC_ISA_USAGE = YES_ERROR;
				CLANG_WARN_DOCUMENTATION_COMMENTS = YES;
				CLANG_WARN_EMPTY_BODY = YES;
				CLANG_WARN_ENUM_CONVERSION = YES;
				CLANG_WARN_INFINITE_RECURSION = YES;
				CLANG_WARN_INT_CONVERSION = YES;
				CLANG_WARN_NON_LITERAL_NULL_CONVERSION = YES;
				CLANG_WARN_OBJC_IMPLICIT_RETAIN_SELF = YES;
				CLANG_WARN_OBJC_LITERAL_CONVERSION = YES;
				CLANG_WARN_OBJC_ROOT_CLASS = YES_ERROR;
				CLANG_WARN_RANGE_LOOP_ANALYSIS = YES;
				CLANG_WARN_STRICT_PROTOTYPES = YES;
				CLANG_WARN_SUSPICIOUS_MOVE = YES;
				CLANG_WARN_UNGUARDED_AVAILABILITY = YES_AGGRESSIVE;
				CLANG_WARN_UNREACHABLE_CODE = YES;
				CLANG_WARN__DUPLICATE_METHOD_MATCH = YES;
				COPY_PHASE_STRIP = NO;
				DEBUG_INFORMATION_FORMAT = "dwarf-with-dsym";
				ENABLE_NS_ASSERTIONS = NO;
				ENABLE_STRICT_OBJC_MSGSEND = YES;
				GCC_C_LANGUAGE_STANDARD = gnu11;
				GCC_NO_COMMON_BLOCKS = YES;
				GCC_WARN_64_TO_32_BIT_CONVERSION = YES;
				GCC_WARN_ABOUT_RETURN_TYPE = YES_ERROR;
				GCC_WARN_UNDECLARED_SELECTOR = YES;
				GCC_WARN_UNINITIALIZED_AUTOS = YES_AGGRESSIVE;
				GCC_WARN_UNUSED_FUNCTION = YES;
				GCC_WARN_UNUSED_VARIABLE = YES;
				IPHONEOS_DEPLOYMENT_TARGET = 13.5;
				MTL_ENABLE_DEBUG_INFO = NO;
				MTL_FAST_MATH = YES;
				SDKROOT = iphoneos;
				SWIFT_COMPILATION_MODE = wholemodule;
				SWIFT_OPTIMIZATION_LEVEL = "-O";
				VALIDATE_PRODUCT = YES;
			};
			name = Release;
		};
		3BA1335B247DA107003EEDE0 /* Debug */ = {
			isa = XCBuildConfiguration;
			buildSettings = {
				ASSETCATALOG_COMPILER_APPICON_NAME = AppIcon;
				CODE_SIGN_STYLE = Automatic;
				INFOPLIST_FILE = TestApp/Info.plist;
				LD_RUNPATH_SEARCH_PATHS = (
					"$(inherited)",
					"@executable_path/Frameworks",
				);
				PRODUCT_BUNDLE_IDENTIFIER = com.27thletter.TestApp;
				PRODUCT_NAME = "$(TARGET_NAME)";
				SWIFT_VERSION = 5.0;
				TARGETED_DEVICE_FAMILY = "1,2";
			};
			name = Debug;
		};
		3BA1335C247DA107003EEDE0 /* Release */ = {
			isa = XCBuildConfiguration;
			buildSettings = {
				ASSETCATALOG_COMPILER_APPICON_NAME = AppIcon;
				CODE_SIGN_STYLE = Automatic;
				INFOPLIST_FILE = TestApp/Info.plist;
				LD_RUNPATH_SEARCH_PATHS = (
					"$(inherited)",
					"@executable_path/Frameworks",
				);
				PRODUCT_BUNDLE_IDENTIFIER = com.27thletter.TestApp;
				PRODUCT_NAME = "$(TARGET_NAME)";
				SWIFT_VERSION = 5.0;
				TARGETED_DEVICE_FAMILY = "1,2";
			};
			name = Release;
		};
		3BA1335E247DA107003EEDE0 /* Debug */ = {
			isa = XCBuildConfiguration;
			buildSettings = {
				ALWAYS_EMBED_SWIFT_STANDARD_LIBRARIES = YES;
				BUNDLE_LOADER = "$(TEST_HOST)";
				CODE_SIGN_STYLE = Automatic;
				INFOPLIST_FILE = TestAppTests/Info.plist;
				IPHONEOS_DEPLOYMENT_TARGET = 13.5;
				LD_RUNPATH_SEARCH_PATHS = (
					"$(inherited)",
					"@executable_path/Frameworks",
					"@loader_path/Frameworks",
				);
				PRODUCT_BUNDLE_IDENTIFIER = com.27thletter.TestAppTests;
				PRODUCT_NAME = "$(TARGET_NAME)";
				SWIFT_VERSION = 5.0;
				TARGETED_DEVICE_FAMILY = "1,2";
				TEST_HOST = "$(BUILT_PRODUCTS_DIR)/TestApp.app/TestApp";
			};
			name = Debug;
		};
		3BA1335F247DA107003EEDE0 /* Release */ = {
			isa = XCBuildConfiguration;
			buildSettings = {
				ALWAYS_EMBED_SWIFT_STANDARD_LIBRARIES = YES;
				BUNDLE_LOADER = "$(TEST_HOST)";
				CODE_SIGN_STYLE = Automatic;
				INFOPLIST_FILE = TestAppTests/Info.plist;
				IPHONEOS_DEPLOYMENT_TARGET = 13.5;
				LD_RUNPATH_SEARCH_PATHS = (
					"$(inherited)",
					"@executable_path/Frameworks",
					"@loader_path/Frameworks",
				);
				PRODUCT_BUNDLE_IDENTIFIER = com.27thletter.TestAppTests;
				PRODUCT_NAME = "$(TARGET_NAME)";
				SWIFT_VERSION = 5.0;
				TARGETED_DEVICE_FAMILY = "1,2";
				TEST_HOST = "$(BUILT_PRODUCTS_DIR)/TestApp.app/TestApp";
			};
			name = Release;
		};
		3BA13361247DA107003EEDE0 /* Debug */ = {
			isa = XCBuildConfiguration;
			buildSettings = {
				ALWAYS_EMBED_SWIFT_STANDARD_LIBRARIES = YES;
				CODE_SIGN_STYLE = Automatic;
				INFOPLIST_FILE = TestAppUITests/Info.plist;
				LD_RUNPATH_SEARCH_PATHS = (
					"$(inherited)",
					"@executable_path/Frameworks",
					"@loader_path/Frameworks",
				);
				PRODUCT_BUNDLE_IDENTIFIER = com.27thletter.TestAppUITests;
				PRODUCT_NAME = "$(TARGET_NAME)";
				SWIFT_VERSION = 5.0;
				TARGETED_DEVICE_FAMILY = "1,2";
				TEST_TARGET_NAME = TestApp;
			};
			name = Debug;
		};
		3BA13362247DA107003EEDE0 /* Release */ = {
			isa = XCBuildConfiguration;
			buildSettings = {
				ALWAYS_EMBED_SWIFT_STANDARD_LIBRARIES = YES;
				CODE_SIGN_STYLE = Automatic;
				INFOPLIST_FILE = TestAppUITests/Info.plist;
				LD_RUNPATH_SEARCH_PATHS = (
					"$(inherited)",
					"@executable_path/Frameworks",
					"@loader_path/Frameworks",
				);
				PRODUCT_BUNDLE_IDENTIFIER = com.27thletter.TestAppUITests;
				PRODUCT_NAME = "$(TARGET_NAME)";
				SWIFT_VERSION = 5.0;
				TARGETED_DEVICE_FAMILY = "1,2";
				TEST_TARGET_NAME = TestApp;
			};
			name = Release;
		};
/* End XCBuildConfiguration section */

/* Begin XCConfigurationList section */
		3BA1332B247DA105003EEDE0 /* Build configuration list for PBXProject "TestApp" */ = {
			isa = XCConfigurationList;
			buildConfigurations = (
				3BA13358247DA107003EEDE0 /* Debug */,
				3BA13359247DA107003EEDE0 /* Release */,
			);
			defaultConfigurationIsVisible = 0;
			defaultConfigurationName = Release;
		};
		3BA1335A247DA107003EEDE0 /* Build configuration list for PBXNativeTarget "TestApp" */ = {
			isa = XCConfigurationList;
			buildConfigurations = (
				3BA1335B247DA107003EEDE0 /* Debug */,
				3BA1335C247DA107003EEDE0 /* Release */,
			);
			defaultConfigurationIsVisible = 0;
			defaultConfigurationName = Release;
		};
		3BA1335D247DA107003EEDE0 /* Build configuration list for PBXNativeTarget "TestAppTests" */ = {
			isa = XCConfigurationList;
			buildConfigurations = (
				3BA1335E247DA107003EEDE0 /* Debug */,
				3BA1335F247DA107003EEDE0 /* Release */,
			);
			defaultConfigurationIsVisible = 0;
			defaultConfigurationName = Release;
		};
		3BA13360247DA107003EEDE0 /* Build configuration list for PBXNativeTarget "TestAppUITests" */ = {
			isa = XCConfigurationList;
			buildConfigurations = (
				3BA13361247DA107003EEDE0 /* Debug */,
				3BA13362247DA107003EEDE0 /* Release */,
			);
			defaultConfigurationIsVisible = 0;
			defaultConfigurationName = Release;
		};
/* End XCConfigurationList section */
	};
	rootObject = 3BA13328247DA105003EEDE0 /* Project object */;
}
